
Microsoft Visual Studio Solution File, Format Version 12.00
# Visual Studio Version 17
VisualStudioVersion = 17.14.36518.9 d17.14
MinimumVisualStudioVersion = 10.0.40219.1
Project("{FAE04EC0-301F-11D3-BF4B-00C04F79EFBC}") = "Bank", "Bank\Bank.csproj", "{8EAF6F33-5CC2-44F7-8E41-521606EF54C5}"
EndProject
Project("{FAE04EC0-301F-11D3-BF4B-00C04F79EFBC}") = "BankUnitTest", "BankUnitTest\BankUnitTest.csproj", "{F3AFB857-4B66-45B6-B057-1E98A9985D69}"
EndProject
Global
	GlobalSection(SolutionConfigurationPlatforms) = preSolution
		Debug|Any CPU = Debug|Any CPU
		Release|Any CPU = Release|Any CPU
	EndGlobalSection
	GlobalSection(ProjectConfigurationPlatforms) = postSolution
		{8EAF6F33-5CC2-44F7-8E41-521606EF54C5}.Debug|Any CPU.ActiveCfg = Debug|Any CPU
		{8EAF6F33-5CC2-44F7-8E41-521606EF54C5}.Debug|Any CPU.Build.0 = Debug|Any CPU
		{8EAF6F33-5CC2-44F7-8E41-521606EF54C5}.Release|Any CPU.ActiveCfg = Release|Any CPU
		{8EAF6F33-5CC2-44F7-8E41-521606EF54C5}.Release|Any CPU.Build.0 = Release|Any CPU
		{F3AFB857-4B66-45B6-B057-1E98A9985D69}.Debug|Any CPU.ActiveCfg = Debug|Any CPU
		{F3AFB857-4B66-45B6-B057-1E98A9985D69}.Debug|Any CPU.Build.0 = Debug|Any CPU
		{F3AFB857-4B66-45B6-B057-1E98A9985D69}.Release|Any CPU.ActiveCfg = Release|Any CPU
		{F3AFB857-4B66-45B6-B057-1E98A9985D69}.Release|Any CPU.Build.0 = Release|Any CPU
	EndGlobalSection
	GlobalSection(SolutionProperties) = preSolution
		HideSolutionNode = FALSE
	EndGlobalSection
	GlobalSection(ExtensibilityGlobals) = postSolution
		SolutionGuid = {7923344B-740E-43F5-8CB7-DB4EC43013B3}
	EndGlobalSection
EndGlobal
